
Microsoft Visual Studio Solution File, Format Version 12.00
# Visual Studio Version 17
VisualStudioVersion = 17.6.33620.401
MinimumVisualStudioVersion = 10.0.40219.1
Project("{9A19103F-16F7-4668-BE54-9A1E7A4F7556}") = "UsbSerialForAndroid", "UsbSerialForAndroid\UsbSerialForAndroid.csproj", "{A64567BC-548A-4CB7-9F2C-ECE75EE1A868}"
EndProject
Project("{9A19103F-16F7-4668-BE54-9A1E7A4F7556}") = "UsbSerialExampleApp", "UsbSerialExampleApp\UsbSerialExampleApp.csproj", "{59C7DFF3-4E5E-42D7-BB77-E6C4F4E74512}"
EndProject
Global
	GlobalSection(SolutionConfigurationPlatforms) = preSolution
		Debug|Any CPU = Debug|Any CPU
		Release|Any CPU = Release|Any CPU
	EndGlobalSection
	GlobalSection(ProjectConfigurationPlatforms) = postSolution
		{A64567BC-548A-4CB7-9F2C-ECE75EE1A868}.Debug|Any CPU.ActiveCfg = Debug|Any CPU
		{A64567BC-548A-4CB7-9F2C-ECE75EE1A868}.Debug|Any CPU.Build.0 = Debug|Any CPU
		{A64567BC-548A-4CB7-9F2C-ECE75EE1A868}.Release|Any CPU.ActiveCfg = Release|Any CPU
		{A64567BC-548A-4CB7-9F2C-ECE75EE1A868}.Release|Any CPU.Build.0 = Release|Any CPU
		{59C7DFF3-4E5E-42D7-BB77-E6C4F4E74512}.Debug|Any CPU.ActiveCfg = Debug|Any CPU
		{59C7DFF3-4E5E-42D7-BB77-E6C4F4E74512}.Debug|Any CPU.Build.0 = Debug|Any CPU
		{59C7DFF3-4E5E-42D7-BB77-E6C4F4E74512}.Debug|Any CPU.Deploy.0 = Debug|Any CPU
		{59C7DFF3-4E5E-42D7-BB77-E6C4F4E74512}.Release|Any CPU.ActiveCfg = Release|Any CPU
		{59C7DFF3-4E5E-42D7-BB77-E6C4F4E74512}.Release|Any CPU.Build.0 = Release|Any CPU
		{59C7DFF3-4E5E-42D7-BB77-E6C4F4E74512}.Release|Any CPU.Deploy.0 = Release|Any CPU
	EndGlobalSection
	GlobalSection(SolutionProperties) = preSolution
		HideSolutionNode = FALSE
	EndGlobalSection
	GlobalSection(ExtensibilityGlobals) = postSolution
		SolutionGuid = {5A3F5991-F724-4D65-B724-3EC768A7304E}
	EndGlobalSection
EndGlobal
